<?xml version="1.0" encoding="utf-8"?>
<Project ToolsVersion="4.0" xmlns="http://schemas.microsoft.com/developer/msbuild/2003">
  <ItemGroup>
    <Filter Include="Source Files">
      <UniqueIdentifier>{4FC737F1-C7A5-4376-A066-2A32D752A2FF}</UniqueIdentifier>
      <Extensions>cpp;c;cc;cxx;c++;cppm;ixx;def;odl;idl;hpj;bat;asm;asmx</Extensions>
    </Filter>
    <Filter Include="Header Files">
      <UniqueIdentifier>{93995380-89BD-4b04-88EB-625FBE52EBFB}</UniqueIdentifier>
      <Extensions>h;hh;hpp;hxx;h++;hm;inl;inc;ipp;xsd</Extensions>
    </Filter>
    <Filter Include="Resource Files">
      <UniqueIdentifier>{67DA6AB6-F800-4c08-8B7A-83BB121AAD01}</UniqueIdentifier>
      <Extensions>rc;ico;cur;bmp;dlg;rc2;rct;bin;rgs;gif;jpg;jpeg;jpe;resx;tiff;tif;png;wav;mfcribbon-ms</Extensions>
    </Filter>
  </ItemGroup>
  <ItemGroup>
    <ClCompile Include="maze\genmaze.c">
      <Filter>Source Files</Filter>
    </ClCompile>
    <ClCompile Include="maze\glmaze.c">
      <Filter>Source Files</Filter>
    </ClCompile>
    <ClCompile Include="maze\pch.c">
      <Filter>Source Files</Filter>
    </ClCompile>
    <ClCompile Include="maze\slvmaze.c">
      <Filter>Source Files</Filter>
    </ClCompile>
    <ClCompile Include="maze\ssmaze.c">
      <Filter>Source Files</Filter>
    </ClCompile>
    <ClCompile Include="common\color.c">
      <Filter>Source Files</Filter>
    </ClCompile>
    <ClCompile Include="common\fastdib.c">
      <Filter>Source Files</Filter>
    </ClCompile>
    <ClCompile Include="common\material.c">
      <Filter>Source Files</Filter>
    </ClCompile>
    <ClCompile Include="common\math.c">
      <Filter>Source Files</Filter>
    </ClCompile>
    <ClCompile Include="common\ssa8.c">
      <Filter>Source Files</Filter>
    </ClCompile>
    <ClCompile Include="common\ssdib.c">
      <Filter>Source Files</Filter>
    </ClCompile>
    <ClCompile Include="common\ssimage.c">
      <Filter>Source Files</Filter>
    </ClCompile>
    <ClCompile Include="common\texture.c">
      <Filter>Source Files</Filter>
    </ClCompile>
    <ClCompile Include="common\clear.cxx">
      <Filter>Source Files</Filter>
    </ClCompile>
    <ClCompile Include="common\dlgdraw.cxx">
      <Filter>Source Files</Filter>
    </ClCompile>
    <ClCompile Include="common\glscrnsv.cxx">
      <Filter>Source Files</Filter>
    </ClCompile>
    <ClCompile Include="common\palette.cxx">
      <Filter>Source Files</Filter>
    </ClCompile>
    <ClCompile Include="common\scrnsave.cxx">
      <Filter>Source Files</Filter>
    </ClCompile>
    <ClCompile Include="common\ssinit.cxx">
      <Filter>Source Files</Filter>
    </ClCompile>
    <ClCompile Include="common\ssutil.cxx">
      <Filter>Source Files</Filter>
    </ClCompile>
    <ClCompile Include="common\sswindow.cxx">
      <Filter>Source Files</Filter>
    </ClCompile>
    <ClCompile Include="common\sswproc.cxx">
      <Filter>Source Files</Filter>
    </ClCompile>
    <ClCompile Include="common\util.cxx">
      <Filter>Source Files</Filter>
    </ClCompile>
    <ClCompile Include="maze\dialog.cxx">
      <Filter>Source Files</Filter>
    </ClCompile>
    <ClCompile Include="common\dialog.c">
      <Filter>Source Files</Filter>
    </ClCompile>
  </ItemGroup>
  <ItemGroup>
    <ClInclude Include="maze\fixed.h">
      <Filter>Header Files</Filter>
    </ClInclude>
    <ClInclude Include="maze\genmaze.h">
      <Filter>Header Files</Filter>
    </ClInclude>
    <ClInclude Include="maze\glmaze.h">
      <Filter>Header Files</Filter>
    </ClInclude>
    <ClInclude Include="maze\maze.h">
      <Filter>Header Files</Filter>
    </ClInclude>
    <ClInclude Include="maze\maze_std.h">
      <Filter>Header Files</Filter>
    </ClInclude>
    <ClInclude Include="maze\mazedlg.h">
      <Filter>Header Files</Filter>
    </ClInclude>
    <ClInclude Include="maze\resource.h">
      <Filter>Header Files</Filter>
    </ClInclude>
    <ClInclude Include="maze\slvmaze.h">
      <Filter>Header Files</Filter>
    </ClInclude>
    <ClInclude Include="common\clear.hxx">
      <Filter>Header Files</Filter>
    </ClInclude>
    <ClInclude Include="common\dlgdraw.hxx">
      <Filter>Header Files</Filter>
    </ClInclude>
    <ClInclude Include="common\glscrnsv.h">
      <Filter>Header Files</Filter>
    </ClInclude>
    <ClInclude Include="common\glscrnsv.hxx">
      <Filter>Header Files</Filter>
    </ClInclude>
    <ClInclude Include="common\matname.h">
      <Filter>Header Files</Filter>
    </ClInclude>
    <ClInclude Include="common\palette.hxx">
      <Filter>Header Files</Filter>
    </ClInclude>
    <ClInclude Include="common\sscommon.h">
      <Filter>Header Files</Filter>
    </ClInclude>
    <ClInclude Include="common\sscommon.hxx">
      <Filter>Header Files</Filter>
    </ClInclude>
    <ClInclude Include="common\ssdebug.h">
      <Filter>Header Files</Filter>
    </ClInclude>
    <ClInclude Include="common\ssintrnl.hxx">
      <Filter>Header Files</Filter>
    </ClInclude>
    <ClInclude Include="common\ssutil.hxx">
      <Filter>Header Files</Filter>
    </ClInclude>
    <ClInclude Include="common\sswindow.hxx">
      <Filter>Header Files</Filter>
    </ClInclude>
    <ClInclude Include="common\sswproc.hxx">
      <Filter>Header Files</Filter>
    </ClInclude>
    <ClInclude Include="common\texture.h">
      <Filter>Header Files</Filter>
    </ClInclude>
    <ClInclude Include="common\util.hxx">
      <Filter>Header Files</Filter>
    </ClInclude>
    <ClInclude Include="common\tk.h">
      <Filter>Header Files</Filter>
    </ClInclude>
    <ClInclude Include="common\glaux.h">
      <Filter>Header Files</Filter>
    </ClInclude>
  </ItemGroup>
  <ItemGroup>
    <ResourceCompile Include="maze\maze.rc">
      <Filter>Resource Files</Filter>
    </ResourceCompile>
  </ItemGroup>
</Project>